
Microsoft Visual Studio Solution File, Format Version 12.00
# Visual Studio Version 17
VisualStudioVersion = 17.11.35431.28
MinimumVisualStudioVersion = 10.0.40219.1
Project("{9A19103F-16F7-4668-BE54-9A1E7A4F7556}") = "EvilCorp2000", "EvilCorp2000.UI\EvilCorp2000.csproj", "{C2040339-765D-402D-871C-56EA6FABEE96}"
EndProject
Project("{9A19103F-16F7-4668-BE54-9A1E7A4F7556}") = "DatabaseTests", "DatabaseTests\DatabaseTests.csproj", "{A2AAF6F3-AC83-4218-A613-96B0CD10CAD4}"
	ProjectSection(ProjectDependencies) = postProject
		{C2040339-765D-402D-871C-56EA6FABEE96} = {C2040339-765D-402D-871C-56EA6FABEE96}
	EndProjectSection
EndProject
Project("{9A19103F-16F7-4668-BE54-9A1E7A4F7556}") = "DataAccess", "DataAccess\DataAccess.csproj", "{8DB1257F-7247-40F2-A594-5687C8CFDDCE}"
EndProject
Project("{FAE04EC0-301F-11D3-BF4B-00C04F79EFBC}") = "BusinessLayer", "BusinessLayer\BusinessLayer.csproj", "{949CF9D2-6548-40BA-9172-D199F58AF1CE}"
EndProject
Project("{FAE04EC0-301F-11D3-BF4B-00C04F79EFBC}") = "EvilCorp2000 UI Tests", "EvilCorp2000 UI Tests\EvilCorp2000 UI Tests.csproj", "{268FE64D-AE60-404A-802F-0FF8B8B08C74}"
	ProjectSection(ProjectDependencies) = postProject
		{C2040339-765D-402D-871C-56EA6FABEE96} = {C2040339-765D-402D-871C-56EA6FABEE96}
	EndProjectSection
EndProject
Global
	GlobalSection(SolutionConfigurationPlatforms) = preSolution
		Debug|Any CPU = Debug|Any CPU
		Release|Any CPU = Release|Any CPU
	EndGlobalSection
	GlobalSection(ProjectConfigurationPlatforms) = postSolution
		{C2040339-765D-402D-871C-56EA6FABEE96}.Debug|Any CPU.ActiveCfg = Debug|Any CPU
		{C2040339-765D-402D-871C-56EA6FABEE96}.Debug|Any CPU.Build.0 = Debug|Any CPU
		{C2040339-765D-402D-871C-56EA6FABEE96}.Release|Any CPU.ActiveCfg = Release|Any CPU
		{C2040339-765D-402D-871C-56EA6FABEE96}.Release|Any CPU.Build.0 = Release|Any CPU
		{A2AAF6F3-AC83-4218-A613-96B0CD10CAD4}.Debug|Any CPU.ActiveCfg = Debug|Any CPU
		{A2AAF6F3-AC83-4218-A613-96B0CD10CAD4}.Debug|Any CPU.Build.0 = Debug|Any CPU
		{A2AAF6F3-AC83-4218-A613-96B0CD10CAD4}.Release|Any CPU.ActiveCfg = Release|Any CPU
		{A2AAF6F3-AC83-4218-A613-96B0CD10CAD4}.Release|Any CPU.Build.0 = Release|Any CPU
		{8DB1257F-7247-40F2-A594-5687C8CFDDCE}.Debug|Any CPU.ActiveCfg = Debug|Any CPU
		{8DB1257F-7247-40F2-A594-5687C8CFDDCE}.Debug|Any CPU.Build.0 = Debug|Any CPU
		{8DB1257F-7247-40F2-A594-5687C8CFDDCE}.Release|Any CPU.ActiveCfg = Release|Any CPU
		{8DB1257F-7247-40F2-A594-5687C8CFDDCE}.Release|Any CPU.Build.0 = Release|Any CPU
		{949CF9D2-6548-40BA-9172-D199F58AF1CE}.Debug|Any CPU.ActiveCfg = Debug|Any CPU
		{949CF9D2-6548-40BA-9172-D199F58AF1CE}.Debug|Any CPU.Build.0 = Debug|Any CPU
		{949CF9D2-6548-40BA-9172-D199F58AF1CE}.Release|Any CPU.ActiveCfg = Release|Any CPU
		{949CF9D2-6548-40BA-9172-D199F58AF1CE}.Release|Any CPU.Build.0 = Release|Any CPU
		{268FE64D-AE60-404A-802F-0FF8B8B08C74}.Debug|Any CPU.ActiveCfg = Debug|Any CPU
		{268FE64D-AE60-404A-802F-0FF8B8B08C74}.Debug|Any CPU.Build.0 = Debug|Any CPU
		{268FE64D-AE60-404A-802F-0FF8B8B08C74}.Release|Any CPU.ActiveCfg = Release|Any CPU
		{268FE64D-AE60-404A-802F-0FF8B8B08C74}.Release|Any CPU.Build.0 = Release|Any CPU
	EndGlobalSection
	GlobalSection(SolutionProperties) = preSolution
		HideSolutionNode = FALSE
	EndGlobalSection
	GlobalSection(ExtensibilityGlobals) = postSolution
		SolutionGuid = {D6B2AA0B-2003-440F-8569-9F5141807909}
	EndGlobalSection
EndGlobal
